
Microsoft Visual Studio Solution File, Format Version 12.00
# Visual Studio Version 17
VisualStudioVersion = 17.9.34622.214
MinimumVisualStudioVersion = 10.0.40219.1
Project("{FAE04EC0-301F-11D3-BF4B-00C04F79EFBC}") = "Dotflyer.Service", "Dotflyer.Service\Dotflyer.Service.csproj", "{D79714EB-0A25-484F-A58C-4E95462E16F8}"
EndProject
Project("{FAE04EC0-301F-11D3-BF4B-00C04F79EFBC}") = "Dotflyer.Api", "Dotflyer.Api\Dotflyer.Api.csproj", "{AB5370AA-D477-4D80-A02F-432CA5EB0D32}"
EndProject
Project("{FAE04EC0-301F-11D3-BF4B-00C04F79EFBC}") = "Dotflyer.Shared", "Dotflyer.Shared\Dotflyer.Shared.csproj", "{DC15D7E2-6E05-4930-A20D-411C9A367E3A}"
EndProject
Project("{FAE04EC0-301F-11D3-BF4B-00C04F79EFBC}") = "Dotflyer.Api.Tests", "Dotflyer.Api.Tests\Dotflyer.Api.Tests.csproj", "{0A2E7D9E-EAF7-489F-83EA-A2603E209D1A}"
EndProject
Project("{FAE04EC0-301F-11D3-BF4B-00C04F79EFBC}") = "Dotflyer.Service.Tests", "Dotflyer.Service.Tests\Dotflyer.Service.Tests.csproj", "{497FE183-79C1-4110-B99F-5A679D8E2898}"
EndProject
Global
	GlobalSection(SolutionConfigurationPlatforms) = preSolution
		Debug|Any CPU = Debug|Any CPU
		Release|Any CPU = Release|Any CPU
	EndGlobalSection
	GlobalSection(ProjectConfigurationPlatforms) = postSolution
		{D79714EB-0A25-484F-A58C-4E95462E16F8}.Debug|Any CPU.ActiveCfg = Debug|Any CPU
		{D79714EB-0A25-484F-A58C-4E95462E16F8}.Debug|Any CPU.Build.0 = Debug|Any CPU
		{D79714EB-0A25-484F-A58C-4E95462E16F8}.Release|Any CPU.ActiveCfg = Release|Any CPU
		{D79714EB-0A25-484F-A58C-4E95462E16F8}.Release|Any CPU.Build.0 = Release|Any CPU
		{AB5370AA-D477-4D80-A02F-432CA5EB0D32}.Debug|Any CPU.ActiveCfg = Debug|Any CPU
		{AB5370AA-D477-4D80-A02F-432CA5EB0D32}.Debug|Any CPU.Build.0 = Debug|Any CPU
		{AB5370AA-D477-4D80-A02F-432CA5EB0D32}.Release|Any CPU.ActiveCfg = Release|Any CPU
		{AB5370AA-D477-4D80-A02F-432CA5EB0D32}.Release|Any CPU.Build.0 = Release|Any CPU
		{DC15D7E2-6E05-4930-A20D-411C9A367E3A}.Debug|Any CPU.ActiveCfg = Debug|Any CPU
		{DC15D7E2-6E05-4930-A20D-411C9A367E3A}.Debug|Any CPU.Build.0 = Debug|Any CPU
		{DC15D7E2-6E05-4930-A20D-411C9A367E3A}.Release|Any CPU.ActiveCfg = Release|Any CPU
		{DC15D7E2-6E05-4930-A20D-411C9A367E3A}.Release|Any CPU.Build.0 = Release|Any CPU
		{0A2E7D9E-EAF7-489F-83EA-A2603E209D1A}.Debug|Any CPU.ActiveCfg = Debug|Any CPU
		{0A2E7D9E-EAF7-489F-83EA-A2603E209D1A}.Debug|Any CPU.Build.0 = Debug|Any CPU
		{0A2E7D9E-EAF7-489F-83EA-A2603E209D1A}.Release|Any CPU.ActiveCfg = Release|Any CPU
		{0A2E7D9E-EAF7-489F-83EA-A2603E209D1A}.Release|Any CPU.Build.0 = Release|Any CPU
		{497FE183-79C1-4110-B99F-5A679D8E2898}.Debug|Any CPU.ActiveCfg = Debug|Any CPU
		{497FE183-79C1-4110-B99F-5A679D8E2898}.Debug|Any CPU.Build.0 = Debug|Any CPU
		{497FE183-79C1-4110-B99F-5A679D8E2898}.Release|Any CPU.ActiveCfg = Release|Any CPU
		{497FE183-79C1-4110-B99F-5A679D8E2898}.Release|Any CPU.Build.0 = Release|Any CPU
	EndGlobalSection
	GlobalSection(SolutionProperties) = preSolution
		HideSolutionNode = FALSE
	EndGlobalSection
	GlobalSection(ExtensibilityGlobals) = postSolution
		SolutionGuid = {7500F28F-D807-4B75-A91D-8D8A251867FF}
	EndGlobalSection
EndGlobal
